// !$*UTF8*$!
{
	archiveVersion = 1;
	classes = {
	};
	objectVersion = 56;
	objects = {

/* Begin PBXBuildFile section */
		F025CCAC29619CEE00C32472 /* AuthViewModel.swift in Sources */ = {isa = PBXBuildFile; fileRef = F025CCAB29619CEE00C32472 /* AuthViewModel.swift */; };
		F025CCAF29619E2E00C32472 /* FirebaseAuth in Frameworks */ = {isa = PBXBuildFile; productRef = F025CCAE29619E2E00C32472 /* FirebaseAuth */; };
		F025CCB129619E2E00C32472 /* FirebaseDatabase in Frameworks */ = {isa = PBXBuildFile; productRef = F025CCB029619E2E00C32472 /* FirebaseDatabase */; };
		F025CCB329619E2E00C32472 /* FirebaseFirestore in Frameworks */ = {isa = PBXBuildFile; productRef = F025CCB229619E2E00C32472 /* FirebaseFirestore */; };
		F025CCB52961A0D300C32472 /* GoogleService-Info.plist in Resources */ = {isa = PBXBuildFile; fileRef = F025CCB42961A0D200C32472 /* GoogleService-Info.plist */; };
		F025CCB72961B2C800C32472 /* SignUpView.swift in Sources */ = {isa = PBXBuildFile; fileRef = F025CCB62961B2C800C32472 /* SignUpView.swift */; };
		F025CCB92961B52700C32472 /* SignInView.swift in Sources */ = {isa = PBXBuildFile; fileRef = F025CCB82961B52700C32472 /* SignInView.swift */; };
		F025CCBB2961C5B000C32472 /* OnboardingView.swift in Sources */ = {isa = PBXBuildFile; fileRef = F025CCBA2961C5B000C32472 /* OnboardingView.swift */; };
		F025CCBF2961CC3E00C32472 /* Alert.swift in Sources */ = {isa = PBXBuildFile; fileRef = F025CCBE2961CC3E00C32472 /* Alert.swift */; };
		F025CCC22961D9CB00C32472 /* User.swift in Sources */ = {isa = PBXBuildFile; fileRef = F025CCC12961D9CB00C32472 /* User.swift */; };
		F03FB063295F2A7000884E84 /* AppDelegate.swift in Sources */ = {isa = PBXBuildFile; fileRef = F03FB062295F2A7000884E84 /* AppDelegate.swift */; };
		F03FB065295F2A7000884E84 /* SceneDelegate.swift in Sources */ = {isa = PBXBuildFile; fileRef = F03FB064295F2A7000884E84 /* SceneDelegate.swift */; };
		F03FB06C295F2A7000884E84 /* Assets.xcassets in Resources */ = {isa = PBXBuildFile; fileRef = F03FB06B295F2A7000884E84 /* Assets.xcassets */; };
		F03FB06F295F2A7000884E84 /* LaunchScreen.storyboard in Resources */ = {isa = PBXBuildFile; fileRef = F03FB06D295F2A7000884E84 /* LaunchScreen.storyboard */; };
		F03FB07E295F2B4600884E84 /* OnboardingController.swift in Sources */ = {isa = PBXBuildFile; fileRef = F03FB07D295F2B4600884E84 /* OnboardingController.swift */; };
		F03FB081295F2D1800884E84 /* SnapKit in Frameworks */ = {isa = PBXBuildFile; productRef = F03FB080295F2D1800884E84 /* SnapKit */; };
		F03FB083295F437300884E84 /* OnboardingSlide.swift in Sources */ = {isa = PBXBuildFile; fileRef = F03FB082295F437300884E84 /* OnboardingSlide.swift */; };
		F03FB087295F43EE00884E84 /* OnboardingCell.swift in Sources */ = {isa = PBXBuildFile; fileRef = F03FB086295F43EE00884E84 /* OnboardingCell.swift */; };
		F055AA9A29606734005A2DE7 /* SignUpController.swift in Sources */ = {isa = PBXBuildFile; fileRef = F055AA9929606734005A2DE7 /* SignUpController.swift */; };
		F055AA9D2960A533005A2DE7 /* SignInController.swift in Sources */ = {isa = PBXBuildFile; fileRef = F055AA9C2960A533005A2DE7 /* SignInController.swift */; };
/* End PBXBuildFile section */

/* Begin PBXFileReference section */
		F025CCAB29619CEE00C32472 /* AuthViewModel.swift */ = {isa = PBXFileReference; lastKnownFileType = sourcecode.swift; path = AuthViewModel.swift; sourceTree = "<group>"; };
		F025CCB42961A0D200C32472 /* GoogleService-Info.plist */ = {isa = PBXFileReference; fileEncoding = 4; lastKnownFileType = text.plist.xml; path = "GoogleService-Info.plist"; sourceTree = "<group>"; };
		F025CCB62961B2C800C32472 /* SignUpView.swift */ = {isa = PBXFileReference; lastKnownFileType = sourcecode.swift; path = SignUpView.swift; sourceTree = "<group>"; };
		F025CCB82961B52700C32472 /* SignInView.swift */ = {isa = PBXFileReference; lastKnownFileType = sourcecode.swift; path = SignInView.swift; sourceTree = "<group>"; };
		F025CCBA2961C5B000C32472 /* OnboardingView.swift */ = {isa = PBXFileReference; lastKnownFileType = sourcecode.swift; path = OnboardingView.swift; sourceTree = "<group>"; };
		F025CCBE2961CC3E00C32472 /* Alert.swift */ = {isa = PBXFileReference; lastKnownFileType = sourcecode.swift; path = Alert.swift; sourceTree = "<group>"; };
		F025CCC12961D9CB00C32472 /* User.swift */ = {isa = PBXFileReference; lastKnownFileType = sourcecode.swift; path = User.swift; sourceTree = "<group>"; };
		F03FB05F295F2A7000884E84 /* StoreA.app */ = {isa = PBXFileReference; explicitFileType = wrapper.application; includeInIndex = 0; path = StoreA.app; sourceTree = BUILT_PRODUCTS_DIR; };
		F03FB062295F2A7000884E84 /* AppDelegate.swift */ = {isa = PBXFileReference; lastKnownFileType = sourcecode.swift; path = AppDelegate.swift; sourceTree = "<group>"; };
		F03FB064295F2A7000884E84 /* SceneDelegate.swift */ = {isa = PBXFileReference; lastKnownFileType = sourcecode.swift; path = SceneDelegate.swift; sourceTree = "<group>"; };
		F03FB06B295F2A7000884E84 /* Assets.xcassets */ = {isa = PBXFileReference; lastKnownFileType = folder.assetcatalog; path = Assets.xcassets; sourceTree = "<group>"; };
		F03FB06E295F2A7000884E84 /* Base */ = {isa = PBXFileReference; lastKnownFileType = file.storyboard; name = Base; path = Base.lproj/LaunchScreen.storyboard; sourceTree = "<group>"; };
		F03FB070295F2A7000884E84 /* Info.plist */ = {isa = PBXFileReference; lastKnownFileType = text.plist.xml; path = Info.plist; sourceTree = "<group>"; };
		F03FB07D295F2B4600884E84 /* OnboardingController.swift */ = {isa = PBXFileReference; lastKnownFileType = sourcecode.swift; path = OnboardingController.swift; sourceTree = "<group>"; };
		F03FB082295F437300884E84 /* OnboardingSlide.swift */ = {isa = PBXFileReference; lastKnownFileType = sourcecode.swift; path = OnboardingSlide.swift; sourceTree = "<group>"; };
		F03FB086295F43EE00884E84 /* OnboardingCell.swift */ = {isa = PBXFileReference; lastKnownFileType = sourcecode.swift; path = OnboardingCell.swift; sourceTree = "<group>"; };
		F055AA9929606734005A2DE7 /* SignUpController.swift */ = {isa = PBXFileReference; lastKnownFileType = sourcecode.swift; path = SignUpController.swift; sourceTree = "<group>"; };
		F055AA9C2960A533005A2DE7 /* SignInController.swift */ = {isa = PBXFileReference; lastKnownFileType = sourcecode.swift; path = SignInController.swift; sourceTree = "<group>"; };
/* End PBXFileReference section */

/* Begin PBXFrameworksBuildPhase section */
		F03FB05C295F2A7000884E84 /* Frameworks */ = {
			isa = PBXFrameworksBuildPhase;
			buildActionMask = 2147483647;
			files = (
				F025CCB129619E2E00C32472 /* FirebaseDatabase in Frameworks */,
				F025CCB329619E2E00C32472 /* FirebaseFirestore in Frameworks */,
				F03FB081295F2D1800884E84 /* SnapKit in Frameworks */,
				F025CCAF29619E2E00C32472 /* FirebaseAuth in Frameworks */,
			);
			runOnlyForDeploymentPostprocessing = 0;
		};
/* End PBXFrameworksBuildPhase section */

/* Begin PBXGroup section */
		F025CCA629619CB700C32472 /* View */ = {
			isa = PBXGroup;
			children = (
				F025CCA829619CC500C32472 /* SignUp */,
				F025CCA729619CBF00C32472 /* SignIn */,
			);
			path = View;
			sourceTree = "<group>";
		};
		F025CCA729619CBF00C32472 /* SignIn */ = {
			isa = PBXGroup;
			children = (
				F055AA9C2960A533005A2DE7 /* SignInController.swift */,
				F025CCB82961B52700C32472 /* SignInView.swift */,
			);
			path = SignIn;
			sourceTree = "<group>";
		};
		F025CCA829619CC500C32472 /* SignUp */ = {
			isa = PBXGroup;
			children = (
				F055AA9929606734005A2DE7 /* SignUpController.swift */,
				F025CCB62961B2C800C32472 /* SignUpView.swift */,
			);
			path = SignUp;
			sourceTree = "<group>";
		};
		F025CCAA29619CDE00C32472 /* ViewModel */ = {
			isa = PBXGroup;
			children = (
				F025CCAB29619CEE00C32472 /* AuthViewModel.swift */,
			);
			path = ViewModel;
			sourceTree = "<group>";
		};
		F025CCBC2961CC1000C32472 /* Features */ = {
			isa = PBXGroup;
			children = (
				F025CCBD2961CC1800C32472 /* Helper */,
			);
			path = Features;
			sourceTree = "<group>";
		};
		F025CCBD2961CC1800C32472 /* Helper */ = {
			isa = PBXGroup;
			children = (
				F025CCBE2961CC3E00C32472 /* Alert.swift */,
			);
			path = Helper;
			sourceTree = "<group>";
		};
		F025CCC02961D9C100C32472 /* Model */ = {
			isa = PBXGroup;
			children = (
				F025CCC12961D9CB00C32472 /* User.swift */,
			);
			path = Model;
			sourceTree = "<group>";
		};
		F03FB056295F2A7000884E84 = {
			isa = PBXGroup;
			children = (
				F03FB061295F2A7000884E84 /* StoreA */,
				F03FB060295F2A7000884E84 /* Products */,
			);
			sourceTree = "<group>";
		};
		F03FB060295F2A7000884E84 /* Products */ = {
			isa = PBXGroup;
			children = (
				F03FB05F295F2A7000884E84 /* StoreA.app */,
			);
			name = Products;
			sourceTree = "<group>";
		};
		F03FB061295F2A7000884E84 /* StoreA */ = {
			isa = PBXGroup;
			children = (
				F025CCBC2961CC1000C32472 /* Features */,
				F03FB079295F2B1800884E84 /* StoreA */,
				F03FB076295F2AA400884E84 /* App */,
				F03FB077295F2AAB00884E84 /* Resources */,
				F03FB078295F2AB400884E84 /* Support */,
			);
			path = StoreA;
			sourceTree = "<group>";
		};
		F03FB076295F2AA400884E84 /* App */ = {
			isa = PBXGroup;
			children = (
				F03FB064295F2A7000884E84 /* SceneDelegate.swift */,
				F03FB062295F2A7000884E84 /* AppDelegate.swift */,
			);
			path = App;
			sourceTree = "<group>";
		};
		F03FB077295F2AAB00884E84 /* Resources */ = {
			isa = PBXGroup;
			children = (
				F03FB06B295F2A7000884E84 /* Assets.xcassets */,
				F03FB06D295F2A7000884E84 /* LaunchScreen.storyboard */,
			);
			path = Resources;
			sourceTree = "<group>";
		};
		F03FB078295F2AB400884E84 /* Support */ = {
			isa = PBXGroup;
			children = (
				F025CCB42961A0D200C32472 /* GoogleService-Info.plist */,
				F03FB070295F2A7000884E84 /* Info.plist */,
			);
			path = Support;
			sourceTree = "<group>";
		};
		F03FB079295F2B1800884E84 /* StoreA */ = {
			isa = PBXGroup;
			children = (
				F03FB07A295F2B2200884E84 /* Onboarding */,
				F055AA8E29606666005A2DE7 /* Auth */,
			);
			path = StoreA;
			sourceTree = "<group>";
		};
		F03FB07A295F2B2200884E84 /* Onboarding */ = {
			isa = PBXGroup;
			children = (
				F03FB07C295F2B2F00884E84 /* Model */,
				F03FB07B295F2B2A00884E84 /* View */,
			);
			path = Onboarding;
			sourceTree = "<group>";
		};
		F03FB07B295F2B2A00884E84 /* View */ = {
			isa = PBXGroup;
			children = (
				F03FB085295F43D800884E84 /* Cell */,
				F03FB07D295F2B4600884E84 /* OnboardingController.swift */,
				F025CCBA2961C5B000C32472 /* OnboardingView.swift */,
			);
			path = View;
			sourceTree = "<group>";
		};
		F03FB07C295F2B2F00884E84 /* Model */ = {
			isa = PBXGroup;
			children = (
				F03FB084295F437800884E84 /* OnboardingSlide */,
			);
			path = Model;
			sourceTree = "<group>";
		};
		F03FB084295F437800884E84 /* OnboardingSlide */ = {
			isa = PBXGroup;
			children = (
				F03FB082295F437300884E84 /* OnboardingSlide.swift */,
			);
			path = OnboardingSlide;
			sourceTree = "<group>";
		};
		F03FB085295F43D800884E84 /* Cell */ = {
			isa = PBXGroup;
			children = (
				F03FB086295F43EE00884E84 /* OnboardingCell.swift */,
			);
			path = Cell;
			sourceTree = "<group>";
		};
		F055AA8E29606666005A2DE7 /* Auth */ = {
			isa = PBXGroup;
			children = (
				F025CCC02961D9C100C32472 /* Model */,
				F025CCAA29619CDE00C32472 /* ViewModel */,
				F025CCA629619CB700C32472 /* View */,
			);
			path = Auth;
			sourceTree = "<group>";
		};
/* End PBXGroup section */

/* Begin PBXNativeTarget section */
		F03FB05E295F2A7000884E84 /* StoreA */ = {
			isa = PBXNativeTarget;
			buildConfigurationList = F03FB073295F2A7000884E84 /* Build configuration list for PBXNativeTarget "StoreA" */;
			buildPhases = (
				F03FB05B295F2A7000884E84 /* Sources */,
				F03FB05C295F2A7000884E84 /* Frameworks */,
				F03FB05D295F2A7000884E84 /* Resources */,
			);
			buildRules = (
			);
			dependencies = (
			);
			name = StoreA;
			packageProductDependencies = (
				F03FB080295F2D1800884E84 /* SnapKit */,
				F025CCAE29619E2E00C32472 /* FirebaseAuth */,
				F025CCB029619E2E00C32472 /* FirebaseDatabase */,
				F025CCB229619E2E00C32472 /* FirebaseFirestore */,
			);
			productName = StoreA;
			productReference = F03FB05F295F2A7000884E84 /* StoreA.app */;
			productType = "com.apple.product-type.application";
		};
/* End PBXNativeTarget section */

/* Begin PBXProject section */
		F03FB057295F2A7000884E84 /* Project object */ = {
			isa = PBXProject;
			attributes = {
				BuildIndependentTargetsInParallel = 1;
				LastSwiftUpdateCheck = 1420;
				LastUpgradeCheck = 1420;
				TargetAttributes = {
					F03FB05E295F2A7000884E84 = {
						CreatedOnToolsVersion = 14.2;
					};
				};
			};
			buildConfigurationList = F03FB05A295F2A7000884E84 /* Build configuration list for PBXProject "StoreA" */;
			compatibilityVersion = "Xcode 14.0";
			developmentRegion = en;
			hasScannedForEncodings = 0;
			knownRegions = (
				en,
				Base,
			);
			mainGroup = F03FB056295F2A7000884E84;
			packageReferences = (
				F03FB07F295F2D1800884E84 /* XCRemoteSwiftPackageReference "SnapKit" */,
				F025CCAD29619E2E00C32472 /* XCRemoteSwiftPackageReference "firebase-ios-sdk" */,
			);
			productRefGroup = F03FB060295F2A7000884E84 /* Products */;
			projectDirPath = "";
			projectRoot = "";
			targets = (
				F03FB05E295F2A7000884E84 /* StoreA */,
			);
		};
/* End PBXProject section */

/* Begin PBXResourcesBuildPhase section */
		F03FB05D295F2A7000884E84 /* Resources */ = {
			isa = PBXResourcesBuildPhase;
			buildActionMask = 2147483647;
			files = (
				F03FB06F295F2A7000884E84 /* LaunchScreen.storyboard in Resources */,
				F03FB06C295F2A7000884E84 /* Assets.xcassets in Resources */,
				F025CCB52961A0D300C32472 /* GoogleService-Info.plist in Resources */,
			);
			runOnlyForDeploymentPostprocessing = 0;
		};
/* End PBXResourcesBuildPhase section */

/* Begin PBXSourcesBuildPhase section */
		F03FB05B295F2A7000884E84 /* Sources */ = {
			isa = PBXSourcesBuildPhase;
			buildActionMask = 2147483647;
			files = (
				F025CCC22961D9CB00C32472 /* User.swift in Sources */,
				F03FB083295F437300884E84 /* OnboardingSlide.swift in Sources */,
				F03FB087295F43EE00884E84 /* OnboardingCell.swift in Sources */,
				F055AA9D2960A533005A2DE7 /* SignInController.swift in Sources */,
				F03FB063295F2A7000884E84 /* AppDelegate.swift in Sources */,
				F025CCB92961B52700C32472 /* SignInView.swift in Sources */,
				F025CCAC29619CEE00C32472 /* AuthViewModel.swift in Sources */,
				F025CCBF2961CC3E00C32472 /* Alert.swift in Sources */,
				F03FB065295F2A7000884E84 /* SceneDelegate.swift in Sources */,
				F03FB07E295F2B4600884E84 /* OnboardingController.swift in Sources */,
				F025CCB72961B2C800C32472 /* SignUpView.swift in Sources */,
				F055AA9A29606734005A2DE7 /* SignUpController.swift in Sources */,
				F025CCBB2961C5B000C32472 /* OnboardingView.swift in Sources */,
			);
			runOnlyForDeploymentPostprocessing = 0;
		};
/* End PBXSourcesBuildPhase section */

/* Begin PBXVariantGroup section */
		F03FB06D295F2A7000884E84 /* LaunchScreen.storyboard */ = {
			isa = PBXVariantGroup;
			children = (
				F03FB06E295F2A7000884E84 /* Base */,
			);
			name = LaunchScreen.storyboard;
			sourceTree = "<group>";
		};
/* End PBXVariantGroup section */

/* Begin XCBuildConfiguration section */
		F03FB071295F2A7000884E84 /* Debug */ = {
			isa = XCBuildConfiguration;
			buildSettings = {
				ALWAYS_SEARCH_USER_PATHS = NO;
				CLANG_ANALYZER_NONNULL = YES;
				CLANG_ANALYZER_NUMBER_OBJECT_CONVERSION = YES_AGGRESSIVE;
				CLANG_CXX_LANGUAGE_STANDARD = "gnu++20";
				CLANG_ENABLE_MODULES = YES;
				CLANG_ENABLE_OBJC_ARC = YES;
				CLANG_ENABLE_OBJC_WEAK = YES;
				CLANG_WARN_BLOCK_CAPTURE_AUTORELEASING = YES;
				CLANG_WARN_BOOL_CONVERSION = YES;
				CLANG_WARN_COMMA = YES;
				CLANG_WARN_CONSTANT_CONVERSION = YES;
				CLANG_WARN_DEPRECATED_OBJC_IMPLEMENTATIONS = YES;
				CLANG_WARN_DIRECT_OBJC_ISA_USAGE = YES_ERROR;
				CLANG_WARN_DOCUMENTATION_COMMENTS = YES;
				CLANG_WARN_EMPTY_BODY = YES;
				CLANG_WARN_ENUM_CONVERSION = YES;
				CLANG_WARN_INFINITE_RECURSION = YES;
				CLANG_WARN_INT_CONVERSION = YES;
				CLANG_WARN_NON_LITERAL_NULL_CONVERSION = YES;
				CLANG_WARN_OBJC_IMPLICIT_RETAIN_SELF = YES;
				CLANG_WARN_OBJC_LITERAL_CONVERSION = YES;
				CLANG_WARN_OBJC_ROOT_CLASS = YES_ERROR;
				CLANG_WARN_QUOTED_INCLUDE_IN_FRAMEWORK_HEADER = YES;
				CLANG_WARN_RANGE_LOOP_ANALYSIS = YES;
				CLANG_WARN_STRICT_PROTOTYPES = YES;
				CLANG_WARN_SUSPICIOUS_MOVE = YES;
				CLANG_WARN_UNGUARDED_AVAILABILITY = YES_AGGRESSIVE;
				CLANG_WARN_UNREACHABLE_CODE = YES;
				CLANG_WARN__DUPLICATE_METHOD_MATCH = YES;
				COPY_PHASE_STRIP = NO;
				DEBUG_INFORMATION_FORMAT = dwarf;
				ENABLE_STRICT_OBJC_MSGSEND = YES;
				ENABLE_TESTABILITY = YES;
				GCC_C_LANGUAGE_STANDARD = gnu11;
				GCC_DYNAMIC_NO_PIC = NO;
				GCC_NO_COMMON_BLOCKS = YES;
				GCC_OPTIMIZATION_LEVEL = 0;
				GCC_PREPROCESSOR_DEFINITIONS = (
					"DEBUG=1",
					"$(inherited)",
				);
				GCC_WARN_64_TO_32_BIT_CONVERSION = YES;
				GCC_WARN_ABOUT_RETURN_TYPE = YES_ERROR;
				GCC_WARN_UNDECLARED_SELECTOR = YES;
				GCC_WARN_UNINITIALIZED_AUTOS = YES_AGGRESSIVE;
				GCC_WARN_UNUSED_FUNCTION = YES;
				GCC_WARN_UNUSED_VARIABLE = YES;
				IPHONEOS_DEPLOYMENT_TARGET = 16.2;
				MTL_ENABLE_DEBUG_INFO = INCLUDE_SOURCE;
				MTL_FAST_MATH = YES;
				ONLY_ACTIVE_ARCH = YES;
				SDKROOT = iphoneos;
				SWIFT_ACTIVE_COMPILATION_CONDITIONS = DEBUG;
				SWIFT_OPTIMIZATION_LEVEL = "-Onone";
			};
			name = Debug;
		};
		F03FB072295F2A7000884E84 /* Release */ = {
			isa = XCBuildConfiguration;
			buildSettings = {
				ALWAYS_SEARCH_USER_PATHS = NO;
				CLANG_ANALYZER_NONNULL = YES;
				CLANG_ANALYZER_NUMBER_OBJECT_CONVERSION = YES_AGGRESSIVE;
				CLANG_CXX_LANGUAGE_STANDARD = "gnu++20";
				CLANG_ENABLE_MODULES = YES;
				CLANG_ENABLE_OBJC_ARC = YES;
				CLANG_ENABLE_OBJC_WEAK = YES;
				CLANG_WARN_BLOCK_CAPTURE_AUTORELEASING = YES;
				CLANG_WARN_BOOL_CONVERSION = YES;
				CLANG_WARN_COMMA = YES;
				CLANG_WARN_CONSTANT_CONVERSION = YES;
				CLANG_WARN_DEPRECATED_OBJC_IMPLEMENTATIONS = YES;
				CLANG_WARN_DIRECT_OBJC_ISA_USAGE = YES_ERROR;
				CLANG_WARN_DOCUMENTATION_COMMENTS = YES;
				CLANG_WARN_EMPTY_BODY = YES;
				CLANG_WARN_ENUM_CONVERSION = YES;
				CLANG_WARN_INFINITE_RECURSION = YES;
				CLANG_WARN_INT_CONVERSION = YES;
				CLANG_WARN_NON_LITERAL_NULL_CONVERSION = YES;
				CLANG_WARN_OBJC_IMPLICIT_RETAIN_SELF = YES;
				CLANG_WARN_OBJC_LITERAL_CONVERSION = YES;
				CLANG_WARN_OBJC_ROOT_CLASS = YES_ERROR;
				CLANG_WARN_QUOTED_INCLUDE_IN_FRAMEWORK_HEADER = YES;
				CLANG_WARN_RANGE_LOOP_ANALYSIS = YES;
				CLANG_WARN_STRICT_PROTOTYPES = YES;
				CLANG_WARN_SUSPICIOUS_MOVE = YES;
				CLANG_WARN_UNGUARDED_AVAILABILITY = YES_AGGRESSIVE;
				CLANG_WARN_UNREACHABLE_CODE = YES;
				CLANG_WARN__DUPLICATE_METHOD_MATCH = YES;
				COPY_PHASE_STRIP = NO;
				DEBUG_INFORMATION_FORMAT = "dwarf-with-dsym";
				ENABLE_NS_ASSERTIONS = NO;
				ENABLE_STRICT_OBJC_MSGSEND = YES;
				GCC_C_LANGUAGE_STANDARD = gnu11;
				GCC_NO_COMMON_BLOCKS = YES;
				GCC_WARN_64_TO_32_BIT_CONVERSION = YES;
				GCC_WARN_ABOUT_RETURN_TYPE = YES_ERROR;
				GCC_WARN_UNDECLARED_SELECTOR = YES;
				GCC_WARN_UNINITIALIZED_AUTOS = YES_AGGRESSIVE;
				GCC_WARN_UNUSED_FUNCTION = YES;
				GCC_WARN_UNUSED_VARIABLE = YES;
				IPHONEOS_DEPLOYMENT_TARGET = 16.2;
				MTL_ENABLE_DEBUG_INFO = NO;
				MTL_FAST_MATH = YES;
				SDKROOT = iphoneos;
				SWIFT_COMPILATION_MODE = wholemodule;
				SWIFT_OPTIMIZATION_LEVEL = "-O";
				VALIDATE_PRODUCT = YES;
			};
			name = Release;
		};
		F03FB074295F2A7000884E84 /* Debug */ = {
			isa = XCBuildConfiguration;
			buildSettings = {
				ASSETCATALOG_COMPILER_APPICON_NAME = AppIcon;
				ASSETCATALOG_COMPILER_GLOBAL_ACCENT_COLOR_NAME = AccentColor;
				CODE_SIGN_STYLE = Automatic;
				CURRENT_PROJECT_VERSION = 1;
				DEVELOPMENT_TEAM = 78Y3UD747G;
				GENERATE_INFOPLIST_FILE = YES;
				INFOPLIST_FILE = StoreA/Support/Info.plist;
				INFOPLIST_KEY_UIApplicationSupportsIndirectInputEvents = YES;
				INFOPLIST_KEY_UILaunchStoryboardName = LaunchScreen;
				INFOPLIST_KEY_UISupportedInterfaceOrientations_iPad = "UIInterfaceOrientationPortrait UIInterfaceOrientationPortraitUpsideDown UIInterfaceOrientationLandscapeLeft UIInterfaceOrientationLandscapeRight";
				INFOPLIST_KEY_UISupportedInterfaceOrientations_iPhone = "UIInterfaceOrientationPortrait UIInterfaceOrientationLandscapeLeft UIInterfaceOrientationLandscapeRight";
				IPHONEOS_DEPLOYMENT_TARGET = 13.0;
				LD_RUNPATH_SEARCH_PATHS = (
					"$(inherited)",
					"@executable_path/Frameworks",
				);
				MARKETING_VERSION = 1.0.1;
				PRODUCT_BUNDLE_IDENTIFIER = com.ekremalkan.StoreA;
				PRODUCT_NAME = "$(TARGET_NAME)";
				SWIFT_EMIT_LOC_STRINGS = YES;
				SWIFT_VERSION = 5.0;
				TARGETED_DEVICE_FAMILY = "1,2";
			};
			name = Debug;
		};
		F03FB075295F2A7000884E84 /* Release */ = {
			isa = XCBuildConfiguration;
			buildSettings = {
				ASSETCATALOG_COMPILER_APPICON_NAME = AppIcon;
				ASSETCATALOG_COMPILER_GLOBAL_ACCENT_COLOR_NAME = AccentColor;
				CODE_SIGN_STYLE = Automatic;
				CURRENT_PROJECT_VERSION = 1;
				DEVELOPMENT_TEAM = 78Y3UD747G;
				GENERATE_INFOPLIST_FILE = YES;
				INFOPLIST_FILE = StoreA/Support/Info.plist;
				INFOPLIST_KEY_UIApplicationSupportsIndirectInputEvents = YES;
				INFOPLIST_KEY_UILaunchStoryboardName = LaunchScreen;
				INFOPLIST_KEY_UISupportedInterfaceOrientations_iPad = "UIInterfaceOrientationPortrait UIInterfaceOrientationPortraitUpsideDown UIInterfaceOrientationLandscapeLeft UIInterfaceOrientationLandscapeRight";
				INFOPLIST_KEY_UISupportedInterfaceOrientations_iPhone = "UIInterfaceOrientationPortrait UIInterfaceOrientationLandscapeLeft UIInterfaceOrientationLandscapeRight";
				IPHONEOS_DEPLOYMENT_TARGET = 13.0;
				LD_RUNPATH_SEARCH_PATHS = (
					"$(inherited)",
					"@executable_path/Frameworks",
				);
				MARKETING_VERSION = 1.0.1;
				PRODUCT_BUNDLE_IDENTIFIER = com.ekremalkan.StoreA;
				PRODUCT_NAME = "$(TARGET_NAME)";
				SWIFT_EMIT_LOC_STRINGS = YES;
				SWIFT_VERSION = 5.0;
				TARGETED_DEVICE_FAMILY = "1,2";
			};
			name = Release;
		};
/* End XCBuildConfiguration section */

/* Begin XCConfigurationList section */
		F03FB05A295F2A7000884E84 /* Build configuration list for PBXProject "StoreA" */ = {
			isa = XCConfigurationList;
			buildConfigurations = (
				F03FB071295F2A7000884E84 /* Debug */,
				F03FB072295F2A7000884E84 /* Release */,
			);
			defaultConfigurationIsVisible = 0;
			defaultConfigurationName = Release;
		};
		F03FB073295F2A7000884E84 /* Build configuration list for PBXNativeTarget "StoreA" */ = {
			isa = XCConfigurationList;
			buildConfigurations = (
				F03FB074295F2A7000884E84 /* Debug */,
				F03FB075295F2A7000884E84 /* Release */,
			);
			defaultConfigurationIsVisible = 0;
			defaultConfigurationName = Release;
		};
/* End XCConfigurationList section */

/* Begin XCRemoteSwiftPackageReference section */
		F025CCAD29619E2E00C32472 /* XCRemoteSwiftPackageReference "firebase-ios-sdk" */ = {
			isa = XCRemoteSwiftPackageReference;
			repositoryURL = "https://github.com/firebase/firebase-ios-sdk.git";
			requirement = {
				kind = upToNextMajorVersion;
				minimumVersion = 9.0.0;
			};
		};
		F03FB07F295F2D1800884E84 /* XCRemoteSwiftPackageReference "SnapKit" */ = {
			isa = XCRemoteSwiftPackageReference;
			repositoryURL = "https://github.com/SnapKit/SnapKit.git";
			requirement = {
				branch = develop;
				kind = branch;
			};
		};
/* End XCRemoteSwiftPackageReference section */

/* Begin XCSwiftPackageProductDependency section */
		F025CCAE29619E2E00C32472 /* FirebaseAuth */ = {
			isa = XCSwiftPackageProductDependency;
			package = F025CCAD29619E2E00C32472 /* XCRemoteSwiftPackageReference "firebase-ios-sdk" */;
			productName = FirebaseAuth;
		};
		F025CCB029619E2E00C32472 /* FirebaseDatabase */ = {
			isa = XCSwiftPackageProductDependency;
			package = F025CCAD29619E2E00C32472 /* XCRemoteSwiftPackageReference "firebase-ios-sdk" */;
			productName = FirebaseDatabase;
		};
		F025CCB229619E2E00C32472 /* FirebaseFirestore */ = {
			isa = XCSwiftPackageProductDependency;
			package = F025CCAD29619E2E00C32472 /* XCRemoteSwiftPackageReference "firebase-ios-sdk" */;
			productName = FirebaseFirestore;
		};
		F03FB080295F2D1800884E84 /* SnapKit */ = {
			isa = XCSwiftPackageProductDependency;
			package = F03FB07F295F2D1800884E84 /* XCRemoteSwiftPackageReference "SnapKit" */;
			productName = SnapKit;
		};
/* End XCSwiftPackageProductDependency section */
	};
	rootObject = F03FB057295F2A7000884E84 /* Project object */;
}
